{
  "meteor": {},
  "dependencies": {
    "basePackages": {
      "paginated-subscription": {}
    },
    "packages": {
      "paginated-subscription": {
        "git": "https://github.com/tmeasday/meteor-paginated-subscription.git",
        "tag": "v0.1.2",
        "commit": "35e0c6112df2b4cfeb60b559276a93cac5ee2dd6"
      }
    }
  }
}
